github.com/davecgh/go-spew v0.0.0-20161028175848-04cdfd42973b h1:XxMZvQZtTXpWMNWK82vdjCLCe7uGMFXdTsJH0v3Hkvw=
github.com/davecgh/go-spew v0.0.0-20161028175848-04cdfd42973b/go.mod h1:J7Y8YcW2NihsgmVo/mv3lAwl/skON4iLHjSsI+c5H38=
github.com/frankban/quicktest v1.14.3 h1:FJKSZTDHjyhriyC81FLQ0LY93eSai0ZyR/ZIkd3ZUKE=
github.com/google/go-cmp v0.5.7 h1:81/ik6ipDQS2aGcBfIN5dHDB36BwrStyeAQquSYCV4o=
github.com/google/uuid v1.3.0 h1:t6JiXgmwXMjEs8VusXIJk2BXHsn+wx8BZdTaoZ5fu7I=
github.com/google/uuid v1.3.0/go.mod h1:TIyPZe4MgqvfeYDBFedMoGGpEw/LqOeaOT+nhxU+yHo=
github.com/kr/pretty v0.3.0 h1:WgNl7dwNpEZ6jJ9k1snq4pZsg7DOEN8hP9Xw0Tsjwk0=
github.com/kr/text v0.2.0 h1:5Nx0Ya0ZqY2ygV366QzturHI13Jq95ApcVaJBhpS+AY=
github.com/pmezard/go-difflib v0.0.0-20151028094244-d8ed2627bdf0 h1:GD+A8+e+wFkqje55/2fOVnZPkoDIu1VooBWfNrnY8Uo=
github.com/pmezard/go-difflib v0.0.0-20151028094244-d8ed2627bdf0/go.mod h1:iKH77koFhYxTK1pcRnkKkqfTogsbg7gZNVY4sRDYZ/4=
github.com/rogpeppe/go-internal v1.6.1 h1:/FiVV8dS/e+YqF2JvO3yXRFbBLTIuSDkuC7aBOAvL+k=
github.com/sanity-io/litter v1.5.5 h1:iE+sBxPBzoK6uaEP5Lt3fHNgpKcHXc/A2HGETy0uJQo=
github.com/sanity-io/litter v1.5.5/go.mod h1:9gzJgR2i4ZpjZHsKvUXIRQVk7P+yM3e+jAF7bU2UI5U=
github.com/shop-r1/royalpay v0.0.0-20191202094641-fc7ff5af9c55 h1:FojoOFnBxtAqHgx8XvNChbdTRNqKTtnKZiffKEj7rmk=
github.com/shop-r1/royalpay v0.0.0-20191202094641-fc7ff5af9c55/go.mod h1:sN+9hgUIjaYcmsk11OcqniOp/7xzCL3iOv2IShBYHbY=
github.com/spf13/cast v1.5.0 h1:rj3WzYc11XZaIZMPKmwP96zkFEnnAmV8s6XbB2aY32w=
github.com/spf13/cast v1.5.0/go.mod h1:SpXXQ5YoyJw6s3/6cMTQuxvgRl3PCJiyaX9p6b155UU=
github.com/stretchr/testify v0.0.0-20161117074351-18a02ba4a312 h1:UsFdQ3ZmlzS0BqZYGxvYaXvFGUbCmPGy8DM7qWJJiIQ=
github.com/stretchr/testify v0.0.0-20161117074351-18a02ba4a312/go.mod h1:a8OnRcib4nhh0OaRAV+Yts87kKdq0PP7pXfy6kDkUVs=
golang.org/x/xerrors v0.0.0-20191204190536-9bdfabe68543 h1:E7g+9GITq07hpfrRu66IVDexMakfv52eLZ2CXBWiKr4=
